
Microsoft Visual Studio Solution File, Format Version 12.00
# Visual Studio Version 17
VisualStudioVersion = 17.14.36127.28 d17.14
MinimumVisualStudioVersion = 10.0.40219.1
Project("{FAE04EC0-301F-11D3-BF4B-00C04F79EFBC}") = "Datos", "Datos\Datos.csproj", "{046A550D-6C48-45F8-A6A2-8FF03B1609C5}"
EndProject
Project("{FAE04EC0-301F-11D3-BF4B-00C04F79EFBC}") = "Negocio", "Negocio\Negocio.csproj", "{9198827F-CF52-4245-ABDB-9315A13E7FEA}"
EndProject
Project("{FAE04EC0-301F-11D3-BF4B-00C04F79EFBC}") = "Presentacion", "Presentacion\Presentacion.csproj", "{04BA3484-A145-4498-8F1D-45D8B0CA316C}"
EndProject
Global
	GlobalSection(SolutionConfigurationPlatforms) = preSolution
		Debug|Any CPU = Debug|Any CPU
		Release|Any CPU = Release|Any CPU
	EndGlobalSection
	GlobalSection(ProjectConfigurationPlatforms) = postSolution
		{046A550D-6C48-45F8-A6A2-8FF03B1609C5}.Debug|Any CPU.ActiveCfg = Debug|Any CPU
		{046A550D-6C48-45F8-A6A2-8FF03B1609C5}.Debug|Any CPU.Build.0 = Debug|Any CPU
		{046A550D-6C48-45F8-A6A2-8FF03B1609C5}.Release|Any CPU.ActiveCfg = Release|Any CPU
		{046A550D-6C48-45F8-A6A2-8FF03B1609C5}.Release|Any CPU.Build.0 = Release|Any CPU
		{9198827F-CF52-4245-ABDB-9315A13E7FEA}.Debug|Any CPU.ActiveCfg = Debug|Any CPU
		{9198827F-CF52-4245-ABDB-9315A13E7FEA}.Debug|Any CPU.Build.0 = Debug|Any CPU
		{9198827F-CF52-4245-ABDB-9315A13E7FEA}.Release|Any CPU.ActiveCfg = Release|Any CPU
		{9198827F-CF52-4245-ABDB-9315A13E7FEA}.Release|Any CPU.Build.0 = Release|Any CPU
		{04BA3484-A145-4498-8F1D-45D8B0CA316C}.Debug|Any CPU.ActiveCfg = Debug|Any CPU
		{04BA3484-A145-4498-8F1D-45D8B0CA316C}.Debug|Any CPU.Build.0 = Debug|Any CPU
		{04BA3484-A145-4498-8F1D-45D8B0CA316C}.Release|Any CPU.ActiveCfg = Release|Any CPU
		{04BA3484-A145-4498-8F1D-45D8B0CA316C}.Release|Any CPU.Build.0 = Release|Any CPU
	EndGlobalSection
	GlobalSection(SolutionProperties) = preSolution
		HideSolutionNode = FALSE
	EndGlobalSection
	GlobalSection(ExtensibilityGlobals) = postSolution
		SolutionGuid = {BB86B16C-DA8E-4D34-A81D-CFDD6B6FED83}
	EndGlobalSection
EndGlobal
